
Microsoft Visual Studio Solution File, Format Version 12.00
# Visual Studio 15
VisualStudioVersion = 15.0.27130.2036
MinimumVisualStudioVersion = 10.0.40219.1
Project("{E24C65DC-7377-472B-9ABA-BC803B73C61A}") = "ProyectoBiblioteca", "ProyectoBiblioteca\", "{265F4750-5F5F-463B-9353-ABEB7CF458E2}"
	ProjectSection(WebsiteProperties) = preProject
		TargetFrameworkMoniker = ".NETFramework,Version%3Dv4.6.1"
		Debug.AspNetCompiler.VirtualPath = "/localhost_60360"
		Debug.AspNetCompiler.PhysicalPath = "ProyectoBiblioteca\"
		Debug.AspNetCompiler.TargetPath = "PrecompiledWeb\localhost_60360\"
		Debug.AspNetCompiler.Updateable = "true"
		Debug.AspNetCompiler.ForceOverwrite = "true"
		Debug.AspNetCompiler.FixedNames = "false"
		Debug.AspNetCompiler.Debug = "True"
		Release.AspNetCompiler.VirtualPath = "/localhost_60360"
		Release.AspNetCompiler.PhysicalPath = "ProyectoBiblioteca\"
		Release.AspNetCompiler.TargetPath = "PrecompiledWeb\localhost_60360\"
		Release.AspNetCompiler.Updateable = "true"
		Release.AspNetCompiler.ForceOverwrite = "true"
		Release.AspNetCompiler.FixedNames = "false"
		Release.AspNetCompiler.Debug = "False"
		VWDPort = "60360"
		SlnRelativePath = "ProyectoBiblioteca\"
		DefaultWebSiteLanguage = "Visual C#"
	EndProjectSection
EndProject
Global
	GlobalSection(SolutionConfigurationPlatforms) = preSolution
		Debug|Any CPU = Debug|Any CPU
	EndGlobalSection
	GlobalSection(ProjectConfigurationPlatforms) = postSolution
		{265F4750-5F5F-463B-9353-ABEB7CF458E2}.Debug|Any CPU.ActiveCfg = Debug|Any CPU
		{265F4750-5F5F-463B-9353-ABEB7CF458E2}.Debug|Any CPU.Build.0 = Debug|Any CPU
	EndGlobalSection
	GlobalSection(SolutionProperties) = preSolution
		HideSolutionNode = FALSE
	EndGlobalSection
	GlobalSection(ExtensibilityGlobals) = postSolution
		SolutionGuid = {EFB580C4-0911-47ED-94E4-112A16F17E9D}
	EndGlobalSection
EndGlobal
